# This file is autogenerated, do not edit; changes may be undone by the next 'dep ensure'.


[[projects]]
  branch = "master"
  digest = "1:ad65c21cad052ae0b994f7124129b26e8125d2a06c2316ee9e97cb23ba75f527"
  name = "github.com/sbstjn/allot"
  packages = ["."]
  pruneopts = "UT"
  revision = "1f2349af5ccd74c1a8d8fe4d1bf688645b628321"

[[projects]]
  digest = "1:04095c24e394778f09fb073a8b5f78f87c2620910c716e108f017fbc17e19e01"
  name = "github.com/sbstjn/hanu"
  packages = ["."]
  pruneopts = "UT"
  revision = "ee3cb0f9de3d05b9ccaf4ab6e30ba3880b1f1484"
  version = "v0.1.0"

[[projects]]
  branch = "master"
  digest = "1:7427036b6d926b3d1fa0773771820735b35554a98296f1074df440ee30a97296"
  name = "golang.org/x/net"
  packages = ["websocket"]
  pruneopts = "UT"
  revision = "adae6a3d119ae4890b46832a2e88a95adc62b8e7"

[solve-meta]
  analyzer-name = "dep"
  analyzer-version = 1
  input-imports = ["github.com/sbstjn/hanu"]
  solver-name = "gps-cdcl"
  solver-version = 1
